
Microsoft Visual Studio Solution File, Format Version 12.00
# Visual Studio Version 16
VisualStudioVersion = 16.0.33927.289
MinimumVisualStudioVersion = 10.0.40219.1
Project("{FAE04EC0-301F-11D3-BF4B-00C04F79EFBC}") = "dotNET-module-11-practice", "dotNET-module-11-practice\dotNET-module-11-practice.csproj", "{0F13612A-45D1-4BE0-A523-4FFCE2C680F6}"
EndProject
Project("{FAE04EC0-301F-11D3-BF4B-00C04F79EFBC}") = "ClassLibrary", "ClassLibrary\ClassLibrary.csproj", "{2A185E1A-B64F-467F-A7A4-D574D1197686}"
EndProject
Global
	GlobalSection(SolutionConfigurationPlatforms) = preSolution
		Debug|Any CPU = Debug|Any CPU
		Release|Any CPU = Release|Any CPU
	EndGlobalSection
	GlobalSection(ProjectConfigurationPlatforms) = postSolution
		{0F13612A-45D1-4BE0-A523-4FFCE2C680F6}.Debug|Any CPU.ActiveCfg = Debug|Any CPU
		{0F13612A-45D1-4BE0-A523-4FFCE2C680F6}.Debug|Any CPU.Build.0 = Debug|Any CPU
		{0F13612A-45D1-4BE0-A523-4FFCE2C680F6}.Release|Any CPU.ActiveCfg = Release|Any CPU
		{0F13612A-45D1-4BE0-A523-4FFCE2C680F6}.Release|Any CPU.Build.0 = Release|Any CPU
		{2A185E1A-B64F-467F-A7A4-D574D1197686}.Debug|Any CPU.ActiveCfg = Debug|Any CPU
		{2A185E1A-B64F-467F-A7A4-D574D1197686}.Debug|Any CPU.Build.0 = Debug|Any CPU
		{2A185E1A-B64F-467F-A7A4-D574D1197686}.Release|Any CPU.ActiveCfg = Release|Any CPU
		{2A185E1A-B64F-467F-A7A4-D574D1197686}.Release|Any CPU.Build.0 = Release|Any CPU
	EndGlobalSection
	GlobalSection(SolutionProperties) = preSolution
		HideSolutionNode = FALSE
	EndGlobalSection
	GlobalSection(ExtensibilityGlobals) = postSolution
		SolutionGuid = {C6E1C2B2-DEB3-4E13-AE42-114DAF3007FD}
	EndGlobalSection
EndGlobal
